
Microsoft Visual Studio Solution File, Format Version 12.00
# Visual Studio Version 17
VisualStudioVersion = 17.5.002.0
MinimumVisualStudioVersion = 10.0.40219.1
Project("{9A19103F-16F7-4668-BE54-9A1E7A4F7556}") = "TDD", "TDD.csproj", "{5B489AE3-4BBE-4918-B12F-4C755B0994C6}"
EndProject
Global
	GlobalSection(SolutionConfigurationPlatforms) = preSolution
		Debug|Any CPU = Debug|Any CPU
		Release|Any CPU = Release|Any CPU
	EndGlobalSection
	GlobalSection(ProjectConfigurationPlatforms) = postSolution
		{5B489AE3-4BBE-4918-B12F-4C755B0994C6}.Debug|Any CPU.ActiveCfg = Debug|Any CPU
		{5B489AE3-4BBE-4918-B12F-4C755B0994C6}.Debug|Any CPU.Build.0 = Debug|Any CPU
		{5B489AE3-4BBE-4918-B12F-4C755B0994C6}.Release|Any CPU.ActiveCfg = Release|Any CPU
		{5B489AE3-4BBE-4918-B12F-4C755B0994C6}.Release|Any CPU.Build.0 = Release|Any CPU
	EndGlobalSection
	GlobalSection(SolutionProperties) = preSolution
		HideSolutionNode = FALSE
	EndGlobalSection
	GlobalSection(ExtensibilityGlobals) = postSolution
		SolutionGuid = {B517BDDA-943B-420C-A685-B310AD94F542}
	EndGlobalSection
EndGlobal
